{
  "name": "p5js-testground",
  "lockfileVersion": 2,
  "requires": true,
  "packages": {
    "": {
      "dependencies": {
        "chromotome": "^1.19.1",
        "d3-delaunay": "^5.3.0"
      }
    },
    "node_modules/chromotome": {
      "version": "1.19.1",
      "resolved": "https://registry.npmjs.org/chromotome/-/chromotome-1.19.1.tgz",
      "integrity": "sha512-fvV9avTNmiftGyOHSBzVi7N92KrXRXpbsWOi3k4lXBFaHccG82x/3+QHOMV+n4zrXNwxu2ZgzoZDHUl4ed8fQA=="
    },
    "node_modules/d3-delaunay": {
      "version": "5.3.0",
      "resolved": "https://registry.npmjs.org/d3-delaunay/-/d3-delaunay-5.3.0.tgz",
      "integrity": "sha512-amALSrOllWVLaHTnDLHwMIiz0d1bBu9gZXd1FiLfXf8sHcX9jrcj81TVZOqD4UX7MgBZZ07c8GxzEgBpJqc74w==",
      "dependencies": {
        "delaunator": "4"
      }
    },
    "node_modules/delaunator": {
      "version": "4.0.1",
      "resolved": "https://registry.npmjs.org/delaunator/-/delaunator-4.0.1.tgz",
      "integrity": "sha512-WNPWi1IRKZfCt/qIDMfERkDp93+iZEmOxN2yy4Jg+Xhv8SLk2UTqqbe1sfiipn0and9QrE914/ihdx82Y/Giag=="
    }
  },
  "dependencies": {
    "chromotome": {
      "version": "1.19.1",
      "resolved": "https://registry.npmjs.org/chromotome/-/chromotome-1.19.1.tgz",
      "integrity": "sha512-fvV9avTNmiftGyOHSBzVi7N92KrXRXpbsWOi3k4lXBFaHccG82x/3+QHOMV+n4zrXNwxu2ZgzoZDHUl4ed8fQA=="
    },
    "d3-delaunay": {
      "version": "5.3.0",
      "resolved": "https://registry.npmjs.org/d3-delaunay/-/d3-delaunay-5.3.0.tgz",
      "integrity": "sha512-amALSrOllWVLaHTnDLHwMIiz0d1bBu9gZXd1FiLfXf8sHcX9jrcj81TVZOqD4UX7MgBZZ07c8GxzEgBpJqc74w==",
      "requires": {
        "delaunator": "4"
      }
    },
    "delaunator": {
      "version": "4.0.1",
      "resolved": "https://registry.npmjs.org/delaunator/-/delaunator-4.0.1.tgz",
      "integrity": "sha512-WNPWi1IRKZfCt/qIDMfERkDp93+iZEmOxN2yy4Jg+Xhv8SLk2UTqqbe1sfiipn0and9QrE914/ihdx82Y/Giag=="
    }
  }
}
