{
  "name": "p5js-testground",
  "lockfileVersion": 2,
  "requires": true,
  "packages": {
    "": {
      "dependencies": {
        "chromotome": "^1.19.1"
      }
    },
    "node_modules/chromotome": {
      "version": "1.19.1",
      "resolved": "https://registry.npmjs.org/chromotome/-/chromotome-1.19.1.tgz",
      "integrity": "sha512-fvV9avTNmiftGyOHSBzVi7N92KrXRXpbsWOi3k4lXBFaHccG82x/3+QHOMV+n4zrXNwxu2ZgzoZDHUl4ed8fQA=="
    }
  },
  "dependencies": {
    "chromotome": {
      "version": "1.19.1",
      "resolved": "https://registry.npmjs.org/chromotome/-/chromotome-1.19.1.tgz",
      "integrity": "sha512-fvV9avTNmiftGyOHSBzVi7N92KrXRXpbsWOi3k4lXBFaHccG82x/3+QHOMV+n4zrXNwxu2ZgzoZDHUl4ed8fQA=="
    }
  }
}
